# This file is automatically @generated by Cargo.
# It is not intended for manual editing.
version = 4

[[package]]
name = "mandrake-bhyve"
version = "0.1.0"

[[package]]
name = "mandrake-core"
version = "0.1.0"

[[package]]
name = "mandrake-images"
version = "0.1.0"

[[package]]
name = "mandrake-net"
version = "0.1.0"

[[package]]
name = "mandrake-smf"
version = "0.1.0"

[[package]]
name = "mandrake-zfs"
version = "0.1.0"

[[package]]
name = "mandrake-zones"
version = "0.1.0"

[[package]]
name = "mandrakectl"
version = "0.1.0"

[[package]]
name = "mandraked"
version = "0.1.0"
